
Microsoft Visual Studio Solution File, Format Version 12.00
# Visual Studio Version 16
VisualStudioVersion = 16.0.29709.97
MinimumVisualStudioVersion = 10.0.40219.1
Project("{FAE04EC0-301F-11D3-BF4B-00C04F79EFBC}") = "Lab 03", "Lab 03\Lab 03.csproj", "{773EB7C4-EF93-46DE-9DE9-7EF2DB9BD2E8}"
EndProject
Global
	GlobalSection(SolutionConfigurationPlatforms) = preSolution
		Debug|Any CPU = Debug|Any CPU
		Release|Any CPU = Release|Any CPU
	EndGlobalSection
	GlobalSection(ProjectConfigurationPlatforms) = postSolution
		{773EB7C4-EF93-46DE-9DE9-7EF2DB9BD2E8}.Debug|Any CPU.ActiveCfg = Debug|Any CPU
		{773EB7C4-EF93-46DE-9DE9-7EF2DB9BD2E8}.Debug|Any CPU.Build.0 = Debug|Any CPU
		{773EB7C4-EF93-46DE-9DE9-7EF2DB9BD2E8}.Release|Any CPU.ActiveCfg = Release|Any CPU
		{773EB7C4-EF93-46DE-9DE9-7EF2DB9BD2E8}.Release|Any CPU.Build.0 = Release|Any CPU
	EndGlobalSection
	GlobalSection(SolutionProperties) = preSolution
		HideSolutionNode = FALSE
	EndGlobalSection
	GlobalSection(ExtensibilityGlobals) = postSolution
		SolutionGuid = {E738BA18-79A0-4408-90AE-E75D9AB07DB0}
	EndGlobalSection
EndGlobal
